
Microsoft Visual Studio Solution File, Format Version 12.00
# Visual Studio Version 17
VisualStudioVersion = 17.12.35527.113 d17.12
MinimumVisualStudioVersion = 10.0.40219.1
Project("{FAE04EC0-301F-11D3-BF4B-00C04F79EFBC}") = "estrutura-condicional", "estrutura-condicional\estrutura-condicional.csproj", "{6E76ABDC-FBF3-43C7-AEEE-2133CB9C2E4D}"
EndProject
Global
	GlobalSection(SolutionConfigurationPlatforms) = preSolution
		Debug|Any CPU = Debug|Any CPU
		Release|Any CPU = Release|Any CPU
	EndGlobalSection
	GlobalSection(ProjectConfigurationPlatforms) = postSolution
		{6E76ABDC-FBF3-43C7-AEEE-2133CB9C2E4D}.Debug|Any CPU.ActiveCfg = Debug|Any CPU
		{6E76ABDC-FBF3-43C7-AEEE-2133CB9C2E4D}.Debug|Any CPU.Build.0 = Debug|Any CPU
		{6E76ABDC-FBF3-43C7-AEEE-2133CB9C2E4D}.Release|Any CPU.ActiveCfg = Release|Any CPU
		{6E76ABDC-FBF3-43C7-AEEE-2133CB9C2E4D}.Release|Any CPU.Build.0 = Release|Any CPU
	EndGlobalSection
	GlobalSection(SolutionProperties) = preSolution
		HideSolutionNode = FALSE
	EndGlobalSection
EndGlobal
