
Microsoft Visual Studio Solution File, Format Version 12.00
# Visual Studio Version 17
VisualStudioVersion = 17.13.35828.75 d17.13
MinimumVisualStudioVersion = 10.0.40219.1
Project("{FAE04EC0-301F-11D3-BF4B-00C04F79EFBC}") = "Poo-polimorfismo", "Poo-polimorfismo\Poo-polimorfismo.csproj", "{6F227098-FE70-48F4-ACC4-46826E0964C6}"
EndProject
Global
	GlobalSection(SolutionConfigurationPlatforms) = preSolution
		Debug|Any CPU = Debug|Any CPU
		Release|Any CPU = Release|Any CPU
	EndGlobalSection
	GlobalSection(ProjectConfigurationPlatforms) = postSolution
		{6F227098-FE70-48F4-ACC4-46826E0964C6}.Debug|Any CPU.ActiveCfg = Debug|Any CPU
		{6F227098-FE70-48F4-ACC4-46826E0964C6}.Debug|Any CPU.Build.0 = Debug|Any CPU
		{6F227098-FE70-48F4-ACC4-46826E0964C6}.Release|Any CPU.ActiveCfg = Release|Any CPU
		{6F227098-FE70-48F4-ACC4-46826E0964C6}.Release|Any CPU.Build.0 = Release|Any CPU
	EndGlobalSection
	GlobalSection(SolutionProperties) = preSolution
		HideSolutionNode = FALSE
	EndGlobalSection
	GlobalSection(ExtensibilityGlobals) = postSolution
		SolutionGuid = {054AD01E-A06E-47E4-B328-E01087A8C191}
	EndGlobalSection
EndGlobal
